
Microsoft Visual Studio Solution File, Format Version 12.00
# Visual Studio Version 16
VisualStudioVersion = 16.0.30907.101
MinimumVisualStudioVersion = 10.0.40219.1
Project("{2150E333-8FDC-42A3-9474-1A3956D46DE8}") = "src", "src", "{A3176968-15A9-472B-BD80-69D3A6F790B8}"
EndProject
Project("{2150E333-8FDC-42A3-9474-1A3956D46DE8}") = "Core", "Core", "{4C6BF82E-E8B3-47CF-8BB0-4D27B76D2849}"
EndProject
Project("{2150E333-8FDC-42A3-9474-1A3956D46DE8}") = "Infraestucture", "Infraestucture", "{56E49A05-DBDC-4A3F-BF2D-774091354D23}"
EndProject
Project("{2150E333-8FDC-42A3-9474-1A3956D46DE8}") = "Presentation", "Presentation", "{E5E2BEC1-6A66-459A-8684-900A369E589B}"
EndProject
Project("{9A19103F-16F7-4668-BE54-9A1E7A4F7556}") = "Application", "Aplication\Application.csproj", "{526FA032-7D18-49BD-9B48-2AD5664B2669}"
EndProject
Project("{9A19103F-16F7-4668-BE54-9A1E7A4F7556}") = "Domain", "Domain\Domain.csproj", "{B59FAAAC-0B11-4346-9832-0F2AD5851430}"
EndProject
Project("{9A19103F-16F7-4668-BE54-9A1E7A4F7556}") = "Persistence", "Persistence\Persistence.csproj", "{E2250117-D9DA-469F-955E-AE4E51C5DD0B}"
EndProject
Project("{9A19103F-16F7-4668-BE54-9A1E7A4F7556}") = "Shared", "Shared\Shared.csproj", "{CFFB5658-579A-4319-9F49-29B855F9110E}"
EndProject
Project("{9A19103F-16F7-4668-BE54-9A1E7A4F7556}") = "WebAPI", "WebAPI\WebAPI.csproj", "{F61C665D-9479-4675-B77B-557F35056307}"
EndProject
Global
	GlobalSection(SolutionConfigurationPlatforms) = preSolution
		Debug|Any CPU = Debug|Any CPU
		Release|Any CPU = Release|Any CPU
	EndGlobalSection
	GlobalSection(ProjectConfigurationPlatforms) = postSolution
		{526FA032-7D18-49BD-9B48-2AD5664B2669}.Debug|Any CPU.ActiveCfg = Debug|Any CPU
		{526FA032-7D18-49BD-9B48-2AD5664B2669}.Debug|Any CPU.Build.0 = Debug|Any CPU
		{526FA032-7D18-49BD-9B48-2AD5664B2669}.Release|Any CPU.ActiveCfg = Release|Any CPU
		{526FA032-7D18-49BD-9B48-2AD5664B2669}.Release|Any CPU.Build.0 = Release|Any CPU
		{B59FAAAC-0B11-4346-9832-0F2AD5851430}.Debug|Any CPU.ActiveCfg = Debug|Any CPU
		{B59FAAAC-0B11-4346-9832-0F2AD5851430}.Debug|Any CPU.Build.0 = Debug|Any CPU
		{B59FAAAC-0B11-4346-9832-0F2AD5851430}.Release|Any CPU.ActiveCfg = Release|Any CPU
		{B59FAAAC-0B11-4346-9832-0F2AD5851430}.Release|Any CPU.Build.0 = Release|Any CPU
		{E2250117-D9DA-469F-955E-AE4E51C5DD0B}.Debug|Any CPU.ActiveCfg = Debug|Any CPU
		{E2250117-D9DA-469F-955E-AE4E51C5DD0B}.Debug|Any CPU.Build.0 = Debug|Any CPU
		{E2250117-D9DA-469F-955E-AE4E51C5DD0B}.Release|Any CPU.ActiveCfg = Release|Any CPU
		{E2250117-D9DA-469F-955E-AE4E51C5DD0B}.Release|Any CPU.Build.0 = Release|Any CPU
		{CFFB5658-579A-4319-9F49-29B855F9110E}.Debug|Any CPU.ActiveCfg = Debug|Any CPU
		{CFFB5658-579A-4319-9F49-29B855F9110E}.Debug|Any CPU.Build.0 = Debug|Any CPU
		{CFFB5658-579A-4319-9F49-29B855F9110E}.Release|Any CPU.ActiveCfg = Release|Any CPU
		{CFFB5658-579A-4319-9F49-29B855F9110E}.Release|Any CPU.Build.0 = Release|Any CPU
		{F61C665D-9479-4675-B77B-557F35056307}.Debug|Any CPU.ActiveCfg = Debug|Any CPU
		{F61C665D-9479-4675-B77B-557F35056307}.Debug|Any CPU.Build.0 = Debug|Any CPU
		{F61C665D-9479-4675-B77B-557F35056307}.Release|Any CPU.ActiveCfg = Release|Any CPU
		{F61C665D-9479-4675-B77B-557F35056307}.Release|Any CPU.Build.0 = Release|Any CPU
	EndGlobalSection
	GlobalSection(SolutionProperties) = preSolution
		HideSolutionNode = FALSE
	EndGlobalSection
	GlobalSection(NestedProjects) = preSolution
		{4C6BF82E-E8B3-47CF-8BB0-4D27B76D2849} = {A3176968-15A9-472B-BD80-69D3A6F790B8}
		{56E49A05-DBDC-4A3F-BF2D-774091354D23} = {A3176968-15A9-472B-BD80-69D3A6F790B8}
		{E5E2BEC1-6A66-459A-8684-900A369E589B} = {A3176968-15A9-472B-BD80-69D3A6F790B8}
		{526FA032-7D18-49BD-9B48-2AD5664B2669} = {4C6BF82E-E8B3-47CF-8BB0-4D27B76D2849}
		{B59FAAAC-0B11-4346-9832-0F2AD5851430} = {4C6BF82E-E8B3-47CF-8BB0-4D27B76D2849}
		{E2250117-D9DA-469F-955E-AE4E51C5DD0B} = {56E49A05-DBDC-4A3F-BF2D-774091354D23}
		{CFFB5658-579A-4319-9F49-29B855F9110E} = {56E49A05-DBDC-4A3F-BF2D-774091354D23}
		{F61C665D-9479-4675-B77B-557F35056307} = {E5E2BEC1-6A66-459A-8684-900A369E589B}
	EndGlobalSection
	GlobalSection(ExtensibilityGlobals) = postSolution
		SolutionGuid = {F01EF102-6234-414B-A2C7-839DC14567D3}
	EndGlobalSection
EndGlobal
